
Microsoft Visual Studio Solution File, Format Version 12.00
# Visual Studio Version 17
VisualStudioVersion = 17.10.35013.160
MinimumVisualStudioVersion = 10.0.40219.1
Project("{9A19103F-16F7-4668-BE54-9A1E7A4F7556}") = "TibiaMobileWeb", "TibiaMobileWeb.csproj", "{7575B19F-B06E-407B-B769-62C098CAD439}"
EndProject
Project("{9A19103F-16F7-4668-BE54-9A1E7A4F7556}") = "TMFormat", "..\TibiaMobile\TMFormat\TMFormat.csproj", "{4C80B138-B0D5-456E-8863-B02BEEB9B565}"
EndProject
Global
	GlobalSection(SolutionConfigurationPlatforms) = preSolution
		Debug|Any CPU = Debug|Any CPU
		Release|Any CPU = Release|Any CPU
	EndGlobalSection
	GlobalSection(ProjectConfigurationPlatforms) = postSolution
		{7575B19F-B06E-407B-B769-62C098CAD439}.Debug|Any CPU.ActiveCfg = Debug|Any CPU
		{7575B19F-B06E-407B-B769-62C098CAD439}.Debug|Any CPU.Build.0 = Debug|Any CPU
		{7575B19F-B06E-407B-B769-62C098CAD439}.Release|Any CPU.ActiveCfg = Release|Any CPU
		{7575B19F-B06E-407B-B769-62C098CAD439}.Release|Any CPU.Build.0 = Release|Any CPU
		{4C80B138-B0D5-456E-8863-B02BEEB9B565}.Debug|Any CPU.ActiveCfg = Debug|Any CPU
		{4C80B138-B0D5-456E-8863-B02BEEB9B565}.Debug|Any CPU.Build.0 = Debug|Any CPU
		{4C80B138-B0D5-456E-8863-B02BEEB9B565}.Release|Any CPU.ActiveCfg = Release|Any CPU
		{4C80B138-B0D5-456E-8863-B02BEEB9B565}.Release|Any CPU.Build.0 = Release|Any CPU
	EndGlobalSection
	GlobalSection(SolutionProperties) = preSolution
		HideSolutionNode = FALSE
	EndGlobalSection
	GlobalSection(ExtensibilityGlobals) = postSolution
		SolutionGuid = {A1D13765-1EC8-497B-BF40-077FD26F1C5F}
	EndGlobalSection
EndGlobal
