
Microsoft Visual Studio Solution File, Format Version 12.00
# Visual Studio Version 16
VisualStudioVersion = 16.0.30711.63
MinimumVisualStudioVersion = 10.0.40219.1
Project("{FAE04EC0-301F-11D3-BF4B-00C04F79EFBC}") = "TibiaMobileWeb", "TibiaMobileWeb.csproj", "{7575B19F-B06E-407B-B769-62C098CAD439}"
EndProject
Global
	GlobalSection(SolutionConfigurationPlatforms) = preSolution
		Debug|Any CPU = Debug|Any CPU
		Release|Any CPU = Release|Any CPU
	EndGlobalSection
	GlobalSection(ProjectConfigurationPlatforms) = postSolution
		{7575B19F-B06E-407B-B769-62C098CAD439}.Debug|Any CPU.ActiveCfg = Debug|Any CPU
		{7575B19F-B06E-407B-B769-62C098CAD439}.Debug|Any CPU.Build.0 = Debug|Any CPU
		{7575B19F-B06E-407B-B769-62C098CAD439}.Release|Any CPU.ActiveCfg = Release|Any CPU
		{7575B19F-B06E-407B-B769-62C098CAD439}.Release|Any CPU.Build.0 = Release|Any CPU
	EndGlobalSection
	GlobalSection(SolutionProperties) = preSolution
		HideSolutionNode = FALSE
	EndGlobalSection
	GlobalSection(ExtensibilityGlobals) = postSolution
		SolutionGuid = {A1D13765-1EC8-497B-BF40-077FD26F1C5F}
	EndGlobalSection
EndGlobal
